
Microsoft Visual Studio Solution File, Format Version 12.00
# Visual Studio 15
VisualStudioVersion = 15.0.28307.329
MinimumVisualStudioVersion = 10.0.40219.1
Project("{FAE04EC0-301F-11D3-BF4B-00C04F79EFBC}") = "TexasHoldem", "TexasHoldem\TexasHoldem.csproj", "{3472A5D5-6E6F-486C-B29F-B55E4284BE16}"
EndProject
Global
	GlobalSection(SolutionConfigurationPlatforms) = preSolution
		Debug|Any CPU = Debug|Any CPU
		Release|Any CPU = Release|Any CPU
	EndGlobalSection
	GlobalSection(ProjectConfigurationPlatforms) = postSolution
		{3472A5D5-6E6F-486C-B29F-B55E4284BE16}.Debug|Any CPU.ActiveCfg = Debug|Any CPU
		{3472A5D5-6E6F-486C-B29F-B55E4284BE16}.Debug|Any CPU.Build.0 = Debug|Any CPU
		{3472A5D5-6E6F-486C-B29F-B55E4284BE16}.Release|Any CPU.ActiveCfg = Release|Any CPU
		{3472A5D5-6E6F-486C-B29F-B55E4284BE16}.Release|Any CPU.Build.0 = Release|Any CPU
	EndGlobalSection
	GlobalSection(SolutionProperties) = preSolution
		HideSolutionNode = FALSE
	EndGlobalSection
	GlobalSection(ExtensibilityGlobals) = postSolution
		SolutionGuid = {5F06B4DE-446B-4283-B2FA-BC7008B042B4}
	EndGlobalSection
EndGlobal
